{
  "name": "khedmah-digital-v1",
  "version": "0.1.0",
  "lockfileVersion": 3,
  "requires": true,
  "packages": {
    "": {
      "name": "khedmah-digital-v1",
      "version": "0.1.0",
      "private": true,
      "engines": {
        "node": ">=20.11.0",
        "npm": ">=10.0.0"
      }
    }
  }
}
